{
    "_meta": {
        "hash": {
            "sha256": "63c83f3016e530c5d2ccefc59626933ea49709ba7e321f1e82a06b71d200c7d6"
        },
        "pipfile-spec": 6,
        "requires": {
            "python_version": "3.8"
        },
        "sources": [
            {
                "name": "pypi",
                "url": "https://pypi.org/simple",
                "verify_ssl": true
            }
        ]
    },
    "default": {
        "six": {
            "hashes": [
                "sha256:30639c035cdb23534cd4aa2dd52c3bf48f06e5f4a941509c8bafd8ce11080259",
                "sha256:8b74bedcbbbaca38ff6d7491d76f2b06b3592611af620f8426e82dddb04a5ced"
            ],
            "markers": "python_version >= '2.7' and python_version not in '3.0, 3.1, 3.2, 3.3'",
            "version": "==1.15.0"
        },
        "tenacity": {
            "hashes": [
                "sha256:a0c3c5f7ae0c33f5556c775ca059c12d6fd8ab7121613a713e8b7d649908571b",
                "sha256:b87c1934daa0b2ccc7db153c37b8bf91d12f165936ade8628e7b962b92dc7705"
            ],
            "index": "pypi",
            "version": "==5.0.4"
        }
    },
    "develop": {}
}
